
Microsoft Visual Studio Solution File, Format Version 12.00
# Visual Studio Version 17
VisualStudioVersion = 17.3.32811.315
MinimumVisualStudioVersion = 10.0.40219.1
Project("{FAE04EC0-301F-11D3-BF4B-00C04F79EFBC}") = "EMSfullstack", "EMSfullstack\EMSfullstack.csproj", "{596A739E-C4FE-44F0-BEC5-B4F1CC3FAB42}"
EndProject
Project("{FAE04EC0-301F-11D3-BF4B-00C04F79EFBC}") = "bal", "bal\bal.csproj", "{6ACFDEB1-9632-41E2-AE97-8A9A5BBF9562}"
EndProject
Project("{FAE04EC0-301F-11D3-BF4B-00C04F79EFBC}") = "dal", "dal\dal.csproj", "{A787F9DB-8E9C-4434-94AD-A1CC311241DE}"
EndProject
Global
	GlobalSection(SolutionConfigurationPlatforms) = preSolution
		Debug|Any CPU = Debug|Any CPU
		Release|Any CPU = Release|Any CPU
	EndGlobalSection
	GlobalSection(ProjectConfigurationPlatforms) = postSolution
		{596A739E-C4FE-44F0-BEC5-B4F1CC3FAB42}.Debug|Any CPU.ActiveCfg = Debug|Any CPU
		{596A739E-C4FE-44F0-BEC5-B4F1CC3FAB42}.Debug|Any CPU.Build.0 = Debug|Any CPU
		{596A739E-C4FE-44F0-BEC5-B4F1CC3FAB42}.Release|Any CPU.ActiveCfg = Release|Any CPU
		{596A739E-C4FE-44F0-BEC5-B4F1CC3FAB42}.Release|Any CPU.Build.0 = Release|Any CPU
		{6ACFDEB1-9632-41E2-AE97-8A9A5BBF9562}.Debug|Any CPU.ActiveCfg = Debug|Any CPU
		{6ACFDEB1-9632-41E2-AE97-8A9A5BBF9562}.Debug|Any CPU.Build.0 = Debug|Any CPU
		{6ACFDEB1-9632-41E2-AE97-8A9A5BBF9562}.Release|Any CPU.ActiveCfg = Release|Any CPU
		{6ACFDEB1-9632-41E2-AE97-8A9A5BBF9562}.Release|Any CPU.Build.0 = Release|Any CPU
		{A787F9DB-8E9C-4434-94AD-A1CC311241DE}.Debug|Any CPU.ActiveCfg = Debug|Any CPU
		{A787F9DB-8E9C-4434-94AD-A1CC311241DE}.Debug|Any CPU.Build.0 = Debug|Any CPU
		{A787F9DB-8E9C-4434-94AD-A1CC311241DE}.Release|Any CPU.ActiveCfg = Release|Any CPU
		{A787F9DB-8E9C-4434-94AD-A1CC311241DE}.Release|Any CPU.Build.0 = Release|Any CPU
	EndGlobalSection
	GlobalSection(SolutionProperties) = preSolution
		HideSolutionNode = FALSE
	EndGlobalSection
	GlobalSection(ExtensibilityGlobals) = postSolution
		SolutionGuid = {A152A835-788A-4B3A-98DB-47D99EBDF1DE}
	EndGlobalSection
EndGlobal
